
Microsoft Visual Studio Solution File, Format Version 12.00
# Visual Studio Version 17
VisualStudioVersion = 17.6.33815.320
MinimumVisualStudioVersion = 10.0.40219.1
Project("{FAE04EC0-301F-11D3-BF4B-00C04F79EFBC}") = "ArticleStudy", "ArticleStudy\ArticleStudy.csproj", "{29EF7DA4-5464-4441-97C7-69015E31C31E}"
EndProject
Global
	GlobalSection(SolutionConfigurationPlatforms) = preSolution
		Debug|Any CPU = Debug|Any CPU
		Release|Any CPU = Release|Any CPU
	EndGlobalSection
	GlobalSection(ProjectConfigurationPlatforms) = postSolution
		{29EF7DA4-5464-4441-97C7-69015E31C31E}.Debug|Any CPU.ActiveCfg = Debug|Any CPU
		{29EF7DA4-5464-4441-97C7-69015E31C31E}.Debug|Any CPU.Build.0 = Debug|Any CPU
		{29EF7DA4-5464-4441-97C7-69015E31C31E}.Release|Any CPU.ActiveCfg = Release|Any CPU
		{29EF7DA4-5464-4441-97C7-69015E31C31E}.Release|Any CPU.Build.0 = Release|Any CPU
	EndGlobalSection
	GlobalSection(SolutionProperties) = preSolution
		HideSolutionNode = FALSE
	EndGlobalSection
	GlobalSection(ExtensibilityGlobals) = postSolution
		SolutionGuid = {BB5D3877-D86B-484A-B44A-A2D5D136412D}
	EndGlobalSection
EndGlobal
